
Microsoft Visual Studio Solution File, Format Version 12.00
# Visual Studio Version 17
VisualStudioVersion = 17.10.35004.147
MinimumVisualStudioVersion = 10.0.40219.1
Project("{FAE04EC0-301F-11D3-BF4B-00C04F79EFBC}") = "ProductApi", "ProductApi.csproj", "{E0F8B1C3-530F-4807-9F99-7E7485423DB7}"
EndProject
Global
	GlobalSection(SolutionConfigurationPlatforms) = preSolution
		Debug|Any CPU = Debug|Any CPU
		Release|Any CPU = Release|Any CPU
	EndGlobalSection
	GlobalSection(ProjectConfigurationPlatforms) = postSolution
		{E0F8B1C3-530F-4807-9F99-7E7485423DB7}.Debug|Any CPU.ActiveCfg = Debug|Any CPU
		{E0F8B1C3-530F-4807-9F99-7E7485423DB7}.Debug|Any CPU.Build.0 = Debug|Any CPU
		{E0F8B1C3-530F-4807-9F99-7E7485423DB7}.Release|Any CPU.ActiveCfg = Release|Any CPU
		{E0F8B1C3-530F-4807-9F99-7E7485423DB7}.Release|Any CPU.Build.0 = Release|Any CPU
	EndGlobalSection
	GlobalSection(SolutionProperties) = preSolution
		HideSolutionNode = FALSE
	EndGlobalSection
	GlobalSection(ExtensibilityGlobals) = postSolution
		SolutionGuid = {E1306BC3-6BC4-4CF2-9188-9DBA465EBF06}
	EndGlobalSection
EndGlobal
